
Microsoft Visual Studio Solution File, Format Version 12.00
# Visual Studio Version 16
VisualStudioVersion = 16.0.32602.291
MinimumVisualStudioVersion = 10.0.40219.1
Project("{FAE04EC0-301F-11D3-BF4B-00C04F79EFBC}") = "simpleApplication", "simpleApplication\simpleApplication.csproj", "{B2C080C4-BC2A-499F-B605-E3FAFAD4D94B}"
EndProject
Global
	GlobalSection(SolutionConfigurationPlatforms) = preSolution
		Debug|Any CPU = Debug|Any CPU
		Release|Any CPU = Release|Any CPU
	EndGlobalSection
	GlobalSection(ProjectConfigurationPlatforms) = postSolution
		{B2C080C4-BC2A-499F-B605-E3FAFAD4D94B}.Debug|Any CPU.ActiveCfg = Debug|Any CPU
		{B2C080C4-BC2A-499F-B605-E3FAFAD4D94B}.Debug|Any CPU.Build.0 = Debug|Any CPU
		{B2C080C4-BC2A-499F-B605-E3FAFAD4D94B}.Release|Any CPU.ActiveCfg = Release|Any CPU
		{B2C080C4-BC2A-499F-B605-E3FAFAD4D94B}.Release|Any CPU.Build.0 = Release|Any CPU
	EndGlobalSection
	GlobalSection(SolutionProperties) = preSolution
		HideSolutionNode = FALSE
	EndGlobalSection
	GlobalSection(ExtensibilityGlobals) = postSolution
		SolutionGuid = {9383E935-CAE2-41F0-9D7E-20C34FF1E367}
	EndGlobalSection
EndGlobal
